
Microsoft Visual Studio Solution File, Format Version 12.00
# Visual Studio Version 16
VisualStudioVersion = 16.0.30717.126
MinimumVisualStudioVersion = 10.0.40219.1
Project("{FAE04EC0-301F-11D3-BF4B-00C04F79EFBC}") = "Lab12", "Lab12\Lab12.csproj", "{3AE53F17-414A-4591-8A97-C4B89A547158}"
EndProject
Global
	GlobalSection(SolutionConfigurationPlatforms) = preSolution
		Debug|Any CPU = Debug|Any CPU
		Release|Any CPU = Release|Any CPU
	EndGlobalSection
	GlobalSection(ProjectConfigurationPlatforms) = postSolution
		{3AE53F17-414A-4591-8A97-C4B89A547158}.Debug|Any CPU.ActiveCfg = Debug|Any CPU
		{3AE53F17-414A-4591-8A97-C4B89A547158}.Debug|Any CPU.Build.0 = Debug|Any CPU
		{3AE53F17-414A-4591-8A97-C4B89A547158}.Release|Any CPU.ActiveCfg = Release|Any CPU
		{3AE53F17-414A-4591-8A97-C4B89A547158}.Release|Any CPU.Build.0 = Release|Any CPU
	EndGlobalSection
	GlobalSection(SolutionProperties) = preSolution
		HideSolutionNode = FALSE
	EndGlobalSection
	GlobalSection(ExtensibilityGlobals) = postSolution
		SolutionGuid = {F7B6AF87-BC8A-419A-9430-C2AF0AF96CC2}
	EndGlobalSection
EndGlobal
